
Microsoft Visual Studio Solution File, Format Version 12.00
# Visual Studio Version 17
VisualStudioVersion = 17.5.33414.496
MinimumVisualStudioVersion = 10.0.40219.1
Project("{FAE04EC0-301F-11D3-BF4B-00C04F79EFBC}") = "AIAssist", "AIAssist\AIAssist.csproj", "{5ED5E2DA-B31C-4161-8842-99E180D4A046}"
EndProject
Global
	GlobalSection(SolutionConfigurationPlatforms) = preSolution
		Debug|Any CPU = Debug|Any CPU
		Release|Any CPU = Release|Any CPU
	EndGlobalSection
	GlobalSection(ProjectConfigurationPlatforms) = postSolution
		{5ED5E2DA-B31C-4161-8842-99E180D4A046}.Debug|Any CPU.ActiveCfg = Debug|Any CPU
		{5ED5E2DA-B31C-4161-8842-99E180D4A046}.Debug|Any CPU.Build.0 = Debug|Any CPU
		{5ED5E2DA-B31C-4161-8842-99E180D4A046}.Release|Any CPU.ActiveCfg = Release|Any CPU
		{5ED5E2DA-B31C-4161-8842-99E180D4A046}.Release|Any CPU.Build.0 = Release|Any CPU
	EndGlobalSection
	GlobalSection(SolutionProperties) = preSolution
		HideSolutionNode = FALSE
	EndGlobalSection
	GlobalSection(ExtensibilityGlobals) = postSolution
		SolutionGuid = {C7A73851-0724-496F-98E4-DFA2C8426F28}
	EndGlobalSection
EndGlobal
